<?xml version="1.0" encoding="utf-8"?>
<Project ToolsVersion="4.0" xmlns="http://schemas.microsoft.com/developer/msbuild/2003">
  <ItemGroup>
    <Filter Include="源文件">
      <UniqueIdentifier>{4FC737F1-C7A5-4376-A066-2A32D752A2FF}</UniqueIdentifier>
      <Extensions>cpp;c;cc;cxx;c++;cppm;ixx;def;odl;idl;hpj;bat;asm;asmx</Extensions>
    </Filter>
    <Filter Include="头文件">
      <UniqueIdentifier>{93995380-89BD-4b04-88EB-625FBE52EBFB}</UniqueIdentifier>
      <Extensions>h;hh;hpp;hxx;h++;hm;inl;inc;ipp;xsd</Extensions>
    </Filter>
    <Filter Include="资源文件">
      <UniqueIdentifier>{67DA6AB6-F800-4c08-8B7A-83BB121AAD01}</UniqueIdentifier>
      <Extensions>rc;ico;cur;bmp;dlg;rc2;rct;bin;rgs;gif;jpg;jpeg;jpe;resx;tiff;tif;png;wav;mfcribbon-ms</Extensions>
    </Filter>
    <Filter Include="头文件\Game">
      <UniqueIdentifier>{95b4cb51-4a3f-4758-a5b6-e2df5a7aefd5}</UniqueIdentifier>
    </Filter>
    <Filter Include="源文件\Game">
      <UniqueIdentifier>{aa4ee56f-35da-439b-b65f-dfcc9c7de61f}</UniqueIdentifier>
    </Filter>
    <Filter Include="头文件\Game\Gui">
      <UniqueIdentifier>{0df328b0-be52-4a15-9571-6d033027f656}</UniqueIdentifier>
    </Filter>
    <Filter Include="源文件\Game\Gui">
      <UniqueIdentifier>{7eb4c892-8a75-48ef-a1e3-2c54012a455c}</UniqueIdentifier>
    </Filter>
  </ItemGroup>
  <ItemGroup>
    <ClCompile Include="GameFrameWork\Application.cpp">
      <Filter>源文件\Game</Filter>
    </ClCompile>
    <ClCompile Include="GameFrameWork\GameObject.cpp">
      <Filter>源文件\Game</Filter>
    </ClCompile>
    <ClCompile Include="GameFrameWork\Geometry.cpp">
      <Filter>源文件\Game</Filter>
    </ClCompile>
    <ClCompile Include="GameFrameWork\ResManager.cpp">
      <Filter>源文件\Game</Filter>
    </ClCompile>
    <ClCompile Include="main.cpp">
      <Filter>源文件</Filter>
    </ClCompile>
    <ClCompile Include="GameScene.cpp">
      <Filter>源文件</Filter>
    </ClCompile>
    <ClCompile Include="ChessObj.cpp">
      <Filter>源文件</Filter>
    </ClCompile>
    <ClCompile Include="GameFrameWork\ElapsedTimer.cpp">
      <Filter>源文件\Game</Filter>
    </ClCompile>
    <ClCompile Include="GameFrameWork\gui\Gui.cpp">
      <Filter>源文件\Game\Gui</Filter>
    </ClCompile>
    <ClCompile Include="ResultScene.cpp">
      <Filter>源文件</Filter>
    </ClCompile>
    <ClCompile Include="StartScene.cpp">
      <Filter>源文件</Filter>
    </ClCompile>
  </ItemGroup>
  <ItemGroup>
    <ClInclude Include="GameFrameWork\Application.h">
      <Filter>头文件\Game</Filter>
    </ClInclude>
    <ClInclude Include="GameFrameWork\GameObject.h">
      <Filter>头文件\Game</Filter>
    </ClInclude>
    <ClInclude Include="GameFrameWork\Geometry.h">
      <Filter>头文件\Game</Filter>
    </ClInclude>
    <ClInclude Include="GameFrameWork\ResManager.h">
      <Filter>头文件\Game</Filter>
    </ClInclude>
    <ClInclude Include="GameFrameWork\Scene.h">
      <Filter>头文件\Game</Filter>
    </ClInclude>
    <ClInclude Include="GameScene.h">
      <Filter>头文件</Filter>
    </ClInclude>
    <ClInclude Include="ChessObj.h">
      <Filter>头文件</Filter>
    </ClInclude>
    <ClInclude Include="GameFrameWork\ElapsedTimer.h">
      <Filter>头文件\Game</Filter>
    </ClInclude>
    <ClInclude Include="GameFrameWork\Global.h">
      <Filter>头文件\Game</Filter>
    </ClInclude>
    <ClInclude Include="GameFrameWork\gui\Gui.h">
      <Filter>头文件\Game\Gui</Filter>
    </ClInclude>
    <ClInclude Include="Record.h">
      <Filter>头文件</Filter>
    </ClInclude>
    <ClInclude Include="StartScene.h">
      <Filter>头文件</Filter>
    </ClInclude>
    <ClInclude Include="ResultScene.h">
      <Filter>头文件</Filter>
    </ClInclude>
  </ItemGroup>
</Project>